Microsoft Visual Studio Solution File, Format Version 12.00
# Visual Studio 14
VisualStudioVersion = 14.0.25420.1
MinimumVisualStudioVersion = 10.0.40219.1
Project("{FAE04EC0-301F-11D3-BF4B-00C04F79EFBC}") = "Touch.Unit", "Touch.Unit.csproj", "{5DDFD948-5455-40EB-BD67-211EA61F6472}"
EndProject
Project("{FAE04EC0-301F-11D3-BF4B-00C04F79EFBC}") = "Touch.Server", "Touch.Server\Touch.Server.csproj", "{A1303AE1-2693-4DF7-A17B-20C2ABA1E2ED}"
EndProject
Global
	GlobalSection(SolutionConfigurationPlatforms) = preSolution
		AdHoc|iPhone = AdHoc|iPhone
		AdHoc|iPhoneSimulator = AdHoc|iPhoneSimulator
		AppStore|iPhone = AppStore|iPhone
		AppStore|iPhoneSimulator = AppStore|iPhoneSimulator
		Debug|iPhone = Debug|iPhone
		Debug|iPhoneSimulator = Debug|iPhoneSimulator
		Release|iPhone = Release|iPhone
		Release|iPhoneSimulator = Release|iPhoneSimulator
	EndGlobalSection
	GlobalSection(ProjectConfigurationPlatforms) = postSolution
		{5DDFD948-5455-40EB-BD67-211EA61F6472}.AdHoc|iPhone.ActiveCfg = Debug|iPhone
		{5DDFD948-5455-40EB-BD67-211EA61F6472}.AdHoc|iPhone.Build.0 = Debug|iPhone
		{5DDFD948-5455-40EB-BD67-211EA61F6472}.AdHoc|iPhoneSimulator.ActiveCfg = Debug|iPhoneSimulator
		{5DDFD948-5455-40EB-BD67-211EA61F6472}.AdHoc|iPhoneSimulator.Build.0 = Debug|iPhoneSimulator
		{5DDFD948-5455-40EB-BD67-211EA61F6472}.AppStore|iPhone.ActiveCfg = Debug|iPhone
		{5DDFD948-5455-40EB-BD67-211EA61F6472}.AppStore|iPhone.Build.0 = Debug|iPhone
		{5DDFD948-5455-40EB-BD67-211EA61F6472}.AppStore|iPhoneSimulator.ActiveCfg = Debug|iPhoneSimulator
		{5DDFD948-5455-40EB-BD67-211EA61F6472}.AppStore|iPhoneSimulator.Build.0 = Debug|iPhoneSimulator
		{5DDFD948-5455-40EB-BD67-211EA61F6472}.Debug|iPhone.ActiveCfg = Debug|iPhone
		{5DDFD948-5455-40EB-BD67-211EA61F6472}.Debug|iPhone.Build.0 = Debug|iPhone
		{5DDFD948-5455-40EB-BD67-211EA61F6472}.Debug|iPhoneSimulator.ActiveCfg = Debug|iPhoneSimulator
		{5DDFD948-5455-40EB-BD67-211EA61F6472}.Debug|iPhoneSimulator.Build.0 = Debug|iPhoneSimulator
		{5DDFD948-5455-40EB-BD67-211EA61F6472}.Release|iPhone.ActiveCfg = Release|iPhone
		{5DDFD948-5455-40EB-BD67-211EA61F6472}.Release|iPhone.Build.0 = Release|iPhone
		{5DDFD948-5455-40EB-BD67-211EA61F6472}.Release|iPhoneSimulator.ActiveCfg = Release|iPhoneSimulator
		{5DDFD948-5455-40EB-BD67-211EA61F6472}.Release|iPhoneSimulator.Build.0 = Release|iPhoneSimulator
		{A1303AE1-2693-4DF7-A17B-20C2ABA1E2ED}.AdHoc|iPhone.ActiveCfg = Debug|iPhone
		{A1303AE1-2693-4DF7-A17B-20C2ABA1E2ED}.AdHoc|iPhone.Build.0 = Debug|iPhone
		{A1303AE1-2693-4DF7-A17B-20C2ABA1E2ED}.AdHoc|iPhoneSimulator.ActiveCfg = Debug|iPhone
		{A1303AE1-2693-4DF7-A17B-20C2ABA1E2ED}.AdHoc|iPhoneSimulator.Build.0 = Debug|iPhone
		{A1303AE1-2693-4DF7-A17B-20C2ABA1E2ED}.AppStore|iPhone.ActiveCfg = Debug|iPhone
		{A1303AE1-2693-4DF7-A17B-20C2ABA1E2ED}.AppStore|iPhone.Build.0 = Debug|iPhone
		{A1303AE1-2693-4DF7-A17B-20C2ABA1E2ED}.AppStore|iPhoneSimulator.ActiveCfg = Debug|iPhone
		{A1303AE1-2693-4DF7-A17B-20C2ABA1E2ED}.AppStore|iPhoneSimulator.Build.0 = Debug|iPhone
		{A1303AE1-2693-4DF7-A17B-20C2ABA1E2ED}.Debug|iPhone.ActiveCfg = Debug|iPhone
		{A1303AE1-2693-4DF7-A17B-20C2ABA1E2ED}.Debug|iPhone.Build.0 = Debug|iPhone
		{A1303AE1-2693-4DF7-A17B-20C2ABA1E2ED}.Debug|iPhoneSimulator.ActiveCfg = Debug|iPhone
		{A1303AE1-2693-4DF7-A17B-20C2ABA1E2ED}.Debug|iPhoneSimulator.Build.0 = Debug|iPhone
		{A1303AE1-2693-4DF7-A17B-20C2ABA1E2ED}.Release|iPhone.ActiveCfg = Release|iPhone
		{A1303AE1-2693-4DF7-A17B-20C2ABA1E2ED}.Release|iPhone.Build.0 = Release|iPhone
		{A1303AE1-2693-4DF7-A17B-20C2ABA1E2ED}.Release|iPhoneSimulator.ActiveCfg = Release|iPhone
		{A1303AE1-2693-4DF7-A17B-20C2ABA1E2ED}.Release|iPhoneSimulator.Build.0 = Release|iPhone
	EndGlobalSection
	GlobalSection(SolutionProperties) = preSolution
		HideSolutionNode = FALSE
	EndGlobalSection
	GlobalSection(MonoDevelopProperties) = preSolution
		StartupItem = Touch.Unit.csproj
	EndGlobalSection
EndGlobal
